
Microsoft Visual Studio Solution File, Format Version 12.00
# Visual Studio Version 17
VisualStudioVersion = 17.9.34701.34
MinimumVisualStudioVersion = 10.0.40219.1
Project("{9A19103F-16F7-4668-BE54-9A1E7A4F7556}") = "TestProductWeb", "TestProductWeb\TestProductWeb.csproj", "{E71D7042-FA24-4616-9D71-D7CE7980EE2F}"
EndProject
Global
	GlobalSection(SolutionConfigurationPlatforms) = preSolution
		Debug|Any CPU = Debug|Any CPU
		Release|Any CPU = Release|Any CPU
	EndGlobalSection
	GlobalSection(ProjectConfigurationPlatforms) = postSolution
		{E71D7042-FA24-4616-9D71-D7CE7980EE2F}.Debug|Any CPU.ActiveCfg = Debug|Any CPU
		{E71D7042-FA24-4616-9D71-D7CE7980EE2F}.Debug|Any CPU.Build.0 = Debug|Any CPU
		{E71D7042-FA24-4616-9D71-D7CE7980EE2F}.Release|Any CPU.ActiveCfg = Release|Any CPU
		{E71D7042-FA24-4616-9D71-D7CE7980EE2F}.Release|Any CPU.Build.0 = Release|Any CPU
	EndGlobalSection
	GlobalSection(SolutionProperties) = preSolution
		HideSolutionNode = FALSE
	EndGlobalSection
	GlobalSection(ExtensibilityGlobals) = postSolution
		SolutionGuid = {AA9C0C1C-69FF-4735-A708-DB133C4DF1D9}
	EndGlobalSection
EndGlobal
